
Microsoft Visual Studio Solution File, Format Version 12.00
# Visual Studio Version 17
VisualStudioVersion = 17.5.33530.505
MinimumVisualStudioVersion = 10.0.40219.1
Project("{FAE04EC0-301F-11D3-BF4B-00C04F79EFBC}") = "WDBXEditor", "WDBXEditor\WDBXEditor.csproj", "{E1F42B5C-7A40-4539-AD92-E24CAD7041F5}"
EndProject
Project("{FAE04EC0-301F-11D3-BF4B-00C04F79EFBC}") = "AdvancedDataGridView", "AdvancedDataGridView\AdvancedDataGridView.csproj", "{6EBA0A55-B390-4479-A564-58D46094998D}"
EndProject
Project("{9A19103F-16F7-4668-BE54-9A1E7A4F7556}") = "WDBXEditor.Extended.Api", "WDBXEditor.Api\WDBXEditor.Extended.Api.csproj", "{4AC8FA67-651A-48BF-808B-DFE167C06061}"
	ProjectSection(ProjectDependencies) = postProject
		{9F5AA9E3-78B7-46E2-9F59-72E853EA1926} = {9F5AA9E3-78B7-46E2-9F59-72E853EA1926}
	EndProjectSection
EndProject
Project("{9A19103F-16F7-4668-BE54-9A1E7A4F7556}") = "WDBXEditor.Extended.Api.NUnit", "WDBXEditor.Extended.Api.NUnit\WDBXEditor.Extended.Api.NUnit.csproj", "{81EB76A2-E605-4DD0-8F29-A6986B5FAF0C}"
EndProject
Project("{9A19103F-16F7-4668-BE54-9A1E7A4F7556}") = "WDBXEditor.Common.Utility", "WBDXEditor.Common.Utility\WDBXEditor.Common.Utility.csproj", "{9F5AA9E3-78B7-46E2-9F59-72E853EA1926}"
EndProject
Project("{9A19103F-16F7-4668-BE54-9A1E7A4F7556}") = "WDBXEditor.Common.Utility.NUnit", "WDBXEditor.Common.Utility.NUnit\WDBXEditor.Common.Utility.NUnit.csproj", "{6E7F0EFB-A22B-4410-AC9C-E55DEF183BCF}"
EndProject
Project("{2150E333-8FDC-42A3-9474-1A3956D46DE8}") = "Configuration", "Configuration", "{4B1124A8-2A44-4454-887D-64A8CBB45546}"
	ProjectSection(SolutionItems) = preProject
		Configuration\appsettings.json = Configuration\appsettings.json
	EndProjectSection
EndProject
Project("{9A19103F-16F7-4668-BE54-9A1E7A4F7556}") = "Acmil.PowerShell.Common", "Acmil.PowerShell.Common\Acmil.PowerShell.Common.csproj", "{4399B305-0281-4CCC-A993-0725D2C5CE3D}"
EndProject
Project("{9A19103F-16F7-4668-BE54-9A1E7A4F7556}") = "Acmil.Data.Services", "Acmil.Data.Services\Acmil.Data.Services.csproj", "{11380767-654B-4709-9FEF-B4EE836B24A6}"
EndProject
Project("{9A19103F-16F7-4668-BE54-9A1E7A4F7556}") = "Acmil.Data.Repositories", "Acmil.Data.Repositories\Acmil.Data.Repositories.csproj", "{E1100B4F-0AE8-46C5-B80F-505094668140}"
EndProject
Project("{9A19103F-16F7-4668-BE54-9A1E7A4F7556}") = "Acmil.Core", "Acmil.Core\Acmil.Core.csproj", "{3BB59EF2-017C-46D5-8D58-F80E69A53DC4}"
EndProject
Project("{9A19103F-16F7-4668-BE54-9A1E7A4F7556}") = "Acmil.Data", "Acmil.Data\Acmil.Data.csproj", "{A6CFDD05-2F51-4C2E-A5EA-B8CFC069B092}"
EndProject
Project("{9A19103F-16F7-4668-BE54-9A1E7A4F7556}") = "Acmil.Data.Contracts", "Acmil.Data.Contracts\Acmil.Data.Contracts.csproj", "{9EBD1E85-B05F-4518-8CC1-746B8BD6D3BB}"
EndProject
Project("{9A19103F-16F7-4668-BE54-9A1E7A4F7556}") = "Acmil.Data.NUnit", "Acmil.Data.NUnit\Acmil.Data.NUnit.csproj", "{86F8E1DC-32CC-48D4-B4F6-431277E776D4}"
EndProject
Global
	GlobalSection(SolutionConfigurationPlatforms) = preSolution
		Debug|Any CPU = Debug|Any CPU
		Debug|x64 = Debug|x64
		Release|Any CPU = Release|Any CPU
		Release|x64 = Release|x64
	EndGlobalSection
	GlobalSection(ProjectConfigurationPlatforms) = postSolution
		{E1F42B5C-7A40-4539-AD92-E24CAD7041F5}.Debug|Any CPU.ActiveCfg = Debug|Any CPU
		{E1F42B5C-7A40-4539-AD92-E24CAD7041F5}.Debug|Any CPU.Build.0 = Debug|Any CPU
		{E1F42B5C-7A40-4539-AD92-E24CAD7041F5}.Debug|x64.ActiveCfg = Debug|x64
		{E1F42B5C-7A40-4539-AD92-E24CAD7041F5}.Debug|x64.Build.0 = Debug|x64
		{E1F42B5C-7A40-4539-AD92-E24CAD7041F5}.Release|Any CPU.ActiveCfg = Release|Any CPU
		{E1F42B5C-7A40-4539-AD92-E24CAD7041F5}.Release|Any CPU.Build.0 = Release|Any CPU
		{E1F42B5C-7A40-4539-AD92-E24CAD7041F5}.Release|x64.ActiveCfg = Release|x64
		{E1F42B5C-7A40-4539-AD92-E24CAD7041F5}.Release|x64.Build.0 = Release|x64
		{6EBA0A55-B390-4479-A564-58D46094998D}.Debug|Any CPU.ActiveCfg = Debug|Any CPU
		{6EBA0A55-B390-4479-A564-58D46094998D}.Debug|Any CPU.Build.0 = Debug|Any CPU
		{6EBA0A55-B390-4479-A564-58D46094998D}.Debug|x64.ActiveCfg = Debug|x64
		{6EBA0A55-B390-4479-A564-58D46094998D}.Debug|x64.Build.0 = Debug|x64
		{6EBA0A55-B390-4479-A564-58D46094998D}.Release|Any CPU.ActiveCfg = Release|Any CPU
		{6EBA0A55-B390-4479-A564-58D46094998D}.Release|Any CPU.Build.0 = Release|Any CPU
		{6EBA0A55-B390-4479-A564-58D46094998D}.Release|x64.ActiveCfg = Release|x64
		{6EBA0A55-B390-4479-A564-58D46094998D}.Release|x64.Build.0 = Release|x64
		{4AC8FA67-651A-48BF-808B-DFE167C06061}.Debug|Any CPU.ActiveCfg = Debug|Any CPU
		{4AC8FA67-651A-48BF-808B-DFE167C06061}.Debug|Any CPU.Build.0 = Debug|Any CPU
		{4AC8FA67-651A-48BF-808B-DFE167C06061}.Debug|x64.ActiveCfg = Debug|Any CPU
		{4AC8FA67-651A-48BF-808B-DFE167C06061}.Debug|x64.Build.0 = Debug|Any CPU
		{4AC8FA67-651A-48BF-808B-DFE167C06061}.Release|Any CPU.ActiveCfg = Release|Any CPU
		{4AC8FA67-651A-48BF-808B-DFE167C06061}.Release|Any CPU.Build.0 = Release|Any CPU
		{4AC8FA67-651A-48BF-808B-DFE167C06061}.Release|x64.ActiveCfg = Release|Any CPU
		{4AC8FA67-651A-48BF-808B-DFE167C06061}.Release|x64.Build.0 = Release|Any CPU
		{81EB76A2-E605-4DD0-8F29-A6986B5FAF0C}.Debug|Any CPU.ActiveCfg = Debug|Any CPU
		{81EB76A2-E605-4DD0-8F29-A6986B5FAF0C}.Debug|Any CPU.Build.0 = Debug|Any CPU
		{81EB76A2-E605-4DD0-8F29-A6986B5FAF0C}.Debug|x64.ActiveCfg = Debug|Any CPU
		{81EB76A2-E605-4DD0-8F29-A6986B5FAF0C}.Debug|x64.Build.0 = Debug|Any CPU
		{81EB76A2-E605-4DD0-8F29-A6986B5FAF0C}.Release|Any CPU.ActiveCfg = Release|Any CPU
		{81EB76A2-E605-4DD0-8F29-A6986B5FAF0C}.Release|Any CPU.Build.0 = Release|Any CPU
		{81EB76A2-E605-4DD0-8F29-A6986B5FAF0C}.Release|x64.ActiveCfg = Release|Any CPU
		{81EB76A2-E605-4DD0-8F29-A6986B5FAF0C}.Release|x64.Build.0 = Release|Any CPU
		{9F5AA9E3-78B7-46E2-9F59-72E853EA1926}.Debug|Any CPU.ActiveCfg = Debug|Any CPU
		{9F5AA9E3-78B7-46E2-9F59-72E853EA1926}.Debug|Any CPU.Build.0 = Debug|Any CPU
		{9F5AA9E3-78B7-46E2-9F59-72E853EA1926}.Debug|x64.ActiveCfg = Debug|Any CPU
		{9F5AA9E3-78B7-46E2-9F59-72E853EA1926}.Debug|x64.Build.0 = Debug|Any CPU
		{9F5AA9E3-78B7-46E2-9F59-72E853EA1926}.Release|Any CPU.ActiveCfg = Release|Any CPU
		{9F5AA9E3-78B7-46E2-9F59-72E853EA1926}.Release|Any CPU.Build.0 = Release|Any CPU
		{9F5AA9E3-78B7-46E2-9F59-72E853EA1926}.Release|x64.ActiveCfg = Release|Any CPU
		{9F5AA9E3-78B7-46E2-9F59-72E853EA1926}.Release|x64.Build.0 = Release|Any CPU
		{6E7F0EFB-A22B-4410-AC9C-E55DEF183BCF}.Debug|Any CPU.ActiveCfg = Debug|Any CPU
		{6E7F0EFB-A22B-4410-AC9C-E55DEF183BCF}.Debug|Any CPU.Build.0 = Debug|Any CPU
		{6E7F0EFB-A22B-4410-AC9C-E55DEF183BCF}.Debug|x64.ActiveCfg = Debug|Any CPU
		{6E7F0EFB-A22B-4410-AC9C-E55DEF183BCF}.Debug|x64.Build.0 = Debug|Any CPU
		{6E7F0EFB-A22B-4410-AC9C-E55DEF183BCF}.Release|Any CPU.ActiveCfg = Release|Any CPU
		{6E7F0EFB-A22B-4410-AC9C-E55DEF183BCF}.Release|Any CPU.Build.0 = Release|Any CPU
		{6E7F0EFB-A22B-4410-AC9C-E55DEF183BCF}.Release|x64.ActiveCfg = Release|Any CPU
		{6E7F0EFB-A22B-4410-AC9C-E55DEF183BCF}.Release|x64.Build.0 = Release|Any CPU
		{4399B305-0281-4CCC-A993-0725D2C5CE3D}.Debug|Any CPU.ActiveCfg = Debug|Any CPU
		{4399B305-0281-4CCC-A993-0725D2C5CE3D}.Debug|Any CPU.Build.0 = Debug|Any CPU
		{4399B305-0281-4CCC-A993-0725D2C5CE3D}.Debug|x64.ActiveCfg = Debug|Any CPU
		{4399B305-0281-4CCC-A993-0725D2C5CE3D}.Debug|x64.Build.0 = Debug|Any CPU
		{4399B305-0281-4CCC-A993-0725D2C5CE3D}.Release|Any CPU.ActiveCfg = Release|Any CPU
		{4399B305-0281-4CCC-A993-0725D2C5CE3D}.Release|Any CPU.Build.0 = Release|Any CPU
		{4399B305-0281-4CCC-A993-0725D2C5CE3D}.Release|x64.ActiveCfg = Release|Any CPU
		{4399B305-0281-4CCC-A993-0725D2C5CE3D}.Release|x64.Build.0 = Release|Any CPU
		{11380767-654B-4709-9FEF-B4EE836B24A6}.Debug|Any CPU.ActiveCfg = Debug|Any CPU
		{11380767-654B-4709-9FEF-B4EE836B24A6}.Debug|Any CPU.Build.0 = Debug|Any CPU
		{11380767-654B-4709-9FEF-B4EE836B24A6}.Debug|x64.ActiveCfg = Debug|Any CPU
		{11380767-654B-4709-9FEF-B4EE836B24A6}.Debug|x64.Build.0 = Debug|Any CPU
		{11380767-654B-4709-9FEF-B4EE836B24A6}.Release|Any CPU.ActiveCfg = Release|Any CPU
		{11380767-654B-4709-9FEF-B4EE836B24A6}.Release|Any CPU.Build.0 = Release|Any CPU
		{11380767-654B-4709-9FEF-B4EE836B24A6}.Release|x64.ActiveCfg = Release|Any CPU
		{11380767-654B-4709-9FEF-B4EE836B24A6}.Release|x64.Build.0 = Release|Any CPU
		{E1100B4F-0AE8-46C5-B80F-505094668140}.Debug|Any CPU.ActiveCfg = Debug|Any CPU
		{E1100B4F-0AE8-46C5-B80F-505094668140}.Debug|Any CPU.Build.0 = Debug|Any CPU
		{E1100B4F-0AE8-46C5-B80F-505094668140}.Debug|x64.ActiveCfg = Debug|Any CPU
		{E1100B4F-0AE8-46C5-B80F-505094668140}.Debug|x64.Build.0 = Debug|Any CPU
		{E1100B4F-0AE8-46C5-B80F-505094668140}.Release|Any CPU.ActiveCfg = Release|Any CPU
		{E1100B4F-0AE8-46C5-B80F-505094668140}.Release|Any CPU.Build.0 = Release|Any CPU
		{E1100B4F-0AE8-46C5-B80F-505094668140}.Release|x64.ActiveCfg = Release|Any CPU
		{E1100B4F-0AE8-46C5-B80F-505094668140}.Release|x64.Build.0 = Release|Any CPU
		{3BB59EF2-017C-46D5-8D58-F80E69A53DC4}.Debug|Any CPU.ActiveCfg = Debug|Any CPU
		{3BB59EF2-017C-46D5-8D58-F80E69A53DC4}.Debug|Any CPU.Build.0 = Debug|Any CPU
		{3BB59EF2-017C-46D5-8D58-F80E69A53DC4}.Debug|x64.ActiveCfg = Debug|Any CPU
		{3BB59EF2-017C-46D5-8D58-F80E69A53DC4}.Debug|x64.Build.0 = Debug|Any CPU
		{3BB59EF2-017C-46D5-8D58-F80E69A53DC4}.Release|Any CPU.ActiveCfg = Release|Any CPU
		{3BB59EF2-017C-46D5-8D58-F80E69A53DC4}.Release|Any CPU.Build.0 = Release|Any CPU
		{3BB59EF2-017C-46D5-8D58-F80E69A53DC4}.Release|x64.ActiveCfg = Release|Any CPU
		{3BB59EF2-017C-46D5-8D58-F80E69A53DC4}.Release|x64.Build.0 = Release|Any CPU
		{A6CFDD05-2F51-4C2E-A5EA-B8CFC069B092}.Debug|Any CPU.ActiveCfg = Debug|Any CPU
		{A6CFDD05-2F51-4C2E-A5EA-B8CFC069B092}.Debug|Any CPU.Build.0 = Debug|Any CPU
		{A6CFDD05-2F51-4C2E-A5EA-B8CFC069B092}.Debug|x64.ActiveCfg = Debug|Any CPU
		{A6CFDD05-2F51-4C2E-A5EA-B8CFC069B092}.Debug|x64.Build.0 = Debug|Any CPU
		{A6CFDD05-2F51-4C2E-A5EA-B8CFC069B092}.Release|Any CPU.ActiveCfg = Release|Any CPU
		{A6CFDD05-2F51-4C2E-A5EA-B8CFC069B092}.Release|Any CPU.Build.0 = Release|Any CPU
		{A6CFDD05-2F51-4C2E-A5EA-B8CFC069B092}.Release|x64.ActiveCfg = Release|Any CPU
		{A6CFDD05-2F51-4C2E-A5EA-B8CFC069B092}.Release|x64.Build.0 = Release|Any CPU
		{9EBD1E85-B05F-4518-8CC1-746B8BD6D3BB}.Debug|Any CPU.ActiveCfg = Debug|Any CPU
		{9EBD1E85-B05F-4518-8CC1-746B8BD6D3BB}.Debug|Any CPU.Build.0 = Debug|Any CPU
		{9EBD1E85-B05F-4518-8CC1-746B8BD6D3BB}.Debug|x64.ActiveCfg = Debug|Any CPU
		{9EBD1E85-B05F-4518-8CC1-746B8BD6D3BB}.Debug|x64.Build.0 = Debug|Any CPU
		{9EBD1E85-B05F-4518-8CC1-746B8BD6D3BB}.Release|Any CPU.ActiveCfg = Release|Any CPU
		{9EBD1E85-B05F-4518-8CC1-746B8BD6D3BB}.Release|Any CPU.Build.0 = Release|Any CPU
		{9EBD1E85-B05F-4518-8CC1-746B8BD6D3BB}.Release|x64.ActiveCfg = Release|Any CPU
		{9EBD1E85-B05F-4518-8CC1-746B8BD6D3BB}.Release|x64.Build.0 = Release|Any CPU
		{86F8E1DC-32CC-48D4-B4F6-431277E776D4}.Debug|Any CPU.ActiveCfg = Debug|Any CPU
		{86F8E1DC-32CC-48D4-B4F6-431277E776D4}.Debug|Any CPU.Build.0 = Debug|Any CPU
		{86F8E1DC-32CC-48D4-B4F6-431277E776D4}.Debug|x64.ActiveCfg = Debug|Any CPU
		{86F8E1DC-32CC-48D4-B4F6-431277E776D4}.Debug|x64.Build.0 = Debug|Any CPU
		{86F8E1DC-32CC-48D4-B4F6-431277E776D4}.Release|Any CPU.ActiveCfg = Release|Any CPU
		{86F8E1DC-32CC-48D4-B4F6-431277E776D4}.Release|Any CPU.Build.0 = Release|Any CPU
		{86F8E1DC-32CC-48D4-B4F6-431277E776D4}.Release|x64.ActiveCfg = Release|Any CPU
		{86F8E1DC-32CC-48D4-B4F6-431277E776D4}.Release|x64.Build.0 = Release|Any CPU
	EndGlobalSection
	GlobalSection(SolutionProperties) = preSolution
		HideSolutionNode = FALSE
	EndGlobalSection
	GlobalSection(ExtensibilityGlobals) = postSolution
		SolutionGuid = {645EB3D9-4619-4DF0-BDC5-9A0B95065969}
	EndGlobalSection
	GlobalSection(Performance) = preSolution
		HasPerformanceSessions = true
	EndGlobalSection
EndGlobal
